
Microsoft Visual Studio Solution File, Format Version 12.00
# Visual Studio Version 16
VisualStudioVersion = 16.0.29201.188
MinimumVisualStudioVersion = 10.0.40219.1
Project("{FAE04EC0-301F-11D3-BF4B-00C04F79EFBC}") = "SistemaInventario", "SistemaInventario\SistemaInventario.csproj", "{68C7125E-567F-4F0B-A3D3-8233983CC1CE}"
EndProject
Global
	GlobalSection(SolutionConfigurationPlatforms) = preSolution
		Debug|Any CPU = Debug|Any CPU
		Release|Any CPU = Release|Any CPU
	EndGlobalSection
	GlobalSection(ProjectConfigurationPlatforms) = postSolution
		{68C7125E-567F-4F0B-A3D3-8233983CC1CE}.Debug|Any CPU.ActiveCfg = Debug|Any CPU
		{68C7125E-567F-4F0B-A3D3-8233983CC1CE}.Debug|Any CPU.Build.0 = Debug|Any CPU
		{68C7125E-567F-4F0B-A3D3-8233983CC1CE}.Release|Any CPU.ActiveCfg = Release|Any CPU
		{68C7125E-567F-4F0B-A3D3-8233983CC1CE}.Release|Any CPU.Build.0 = Release|Any CPU
	EndGlobalSection
	GlobalSection(SolutionProperties) = preSolution
		HideSolutionNode = FALSE
	EndGlobalSection
	GlobalSection(ExtensibilityGlobals) = postSolution
		SolutionGuid = {E775FB3D-2E79-4173-8341-514F364F2082}
	EndGlobalSection
EndGlobal
