
Microsoft Visual Studio Solution File, Format Version 12.00
# Visual Studio Version 16
VisualStudioVersion = 16.0.29201.188
MinimumVisualStudioVersion = 10.0.40219.1
Project("{FAE04EC0-301F-11D3-BF4B-00C04F79EFBC}") = "SistemaInventario", "SistemaInventario\SistemaInventario.csproj", "{B8437588-F7A7-4EB2-ACA8-7EAEE265EE51}"
EndProject
Global
	GlobalSection(SolutionConfigurationPlatforms) = preSolution
		Debug|Any CPU = Debug|Any CPU
		Release|Any CPU = Release|Any CPU
	EndGlobalSection
	GlobalSection(ProjectConfigurationPlatforms) = postSolution
		{B8437588-F7A7-4EB2-ACA8-7EAEE265EE51}.Debug|Any CPU.ActiveCfg = Debug|Any CPU
		{B8437588-F7A7-4EB2-ACA8-7EAEE265EE51}.Debug|Any CPU.Build.0 = Debug|Any CPU
		{B8437588-F7A7-4EB2-ACA8-7EAEE265EE51}.Release|Any CPU.ActiveCfg = Release|Any CPU
		{B8437588-F7A7-4EB2-ACA8-7EAEE265EE51}.Release|Any CPU.Build.0 = Release|Any CPU
	EndGlobalSection
	GlobalSection(SolutionProperties) = preSolution
		HideSolutionNode = FALSE
	EndGlobalSection
	GlobalSection(ExtensibilityGlobals) = postSolution
		SolutionGuid = {E775FB3D-2E79-4173-8341-514F364F2082}
	EndGlobalSection
EndGlobal
